
Microsoft Visual Studio Solution File, Format Version 12.00
# Visual Studio Version 17
VisualStudioVersion = 17.4.33403.182
MinimumVisualStudioVersion = 10.0.40219.1
Project("{FAE04EC0-301F-11D3-BF4B-00C04F79EFBC}") = "Exxx", "Exxx\Exxx.csproj", "{CF17EE36-2C01-4DF5-BBA5-113F45B58603}"
EndProject
Global
	GlobalSection(SolutionConfigurationPlatforms) = preSolution
		Debug|Any CPU = Debug|Any CPU
		Release|Any CPU = Release|Any CPU
	EndGlobalSection
	GlobalSection(ProjectConfigurationPlatforms) = postSolution
		{CF17EE36-2C01-4DF5-BBA5-113F45B58603}.Debug|Any CPU.ActiveCfg = Debug|Any CPU
		{CF17EE36-2C01-4DF5-BBA5-113F45B58603}.Debug|Any CPU.Build.0 = Debug|Any CPU
		{CF17EE36-2C01-4DF5-BBA5-113F45B58603}.Release|Any CPU.ActiveCfg = Release|Any CPU
		{CF17EE36-2C01-4DF5-BBA5-113F45B58603}.Release|Any CPU.Build.0 = Release|Any CPU
	EndGlobalSection
	GlobalSection(SolutionProperties) = preSolution
		HideSolutionNode = FALSE
	EndGlobalSection
	GlobalSection(ExtensibilityGlobals) = postSolution
		SolutionGuid = {A3F3A0A4-CFE1-47DA-A01B-3F9001E15149}
	EndGlobalSection
EndGlobal
